
Microsoft Visual Studio Solution File, Format Version 12.00
# Visual Studio Version 17
VisualStudioVersion = 17.8.34316.72
MinimumVisualStudioVersion = 10.0.40219.1
Project("{9A19103F-16F7-4668-BE54-9A1E7A4F7556}") = "MVCTesting_0", "MVCTesting_0\MVCTesting_0.csproj", "{7BA3BA93-D3EB-4E72-BE47-F7F0E62DD191}"
EndProject
Project("{FAE04EC0-301F-11D3-BF4B-00C04F79EFBC}") = "MVCTesting_0.Tests", "MVCTesting_0.Tests\MVCTesting_0.Tests.csproj", "{96540903-5765-492C-BCA1-AA7C39E2C42E}"
EndProject
Global
	GlobalSection(SolutionConfigurationPlatforms) = preSolution
		Debug|Any CPU = Debug|Any CPU
		Release|Any CPU = Release|Any CPU
	EndGlobalSection
	GlobalSection(ProjectConfigurationPlatforms) = postSolution
		{7BA3BA93-D3EB-4E72-BE47-F7F0E62DD191}.Debug|Any CPU.ActiveCfg = Debug|Any CPU
		{7BA3BA93-D3EB-4E72-BE47-F7F0E62DD191}.Debug|Any CPU.Build.0 = Debug|Any CPU
		{7BA3BA93-D3EB-4E72-BE47-F7F0E62DD191}.Release|Any CPU.ActiveCfg = Release|Any CPU
		{7BA3BA93-D3EB-4E72-BE47-F7F0E62DD191}.Release|Any CPU.Build.0 = Release|Any CPU
		{96540903-5765-492C-BCA1-AA7C39E2C42E}.Debug|Any CPU.ActiveCfg = Debug|Any CPU
		{96540903-5765-492C-BCA1-AA7C39E2C42E}.Debug|Any CPU.Build.0 = Debug|Any CPU
		{96540903-5765-492C-BCA1-AA7C39E2C42E}.Release|Any CPU.ActiveCfg = Release|Any CPU
		{96540903-5765-492C-BCA1-AA7C39E2C42E}.Release|Any CPU.Build.0 = Release|Any CPU
	EndGlobalSection
	GlobalSection(SolutionProperties) = preSolution
		HideSolutionNode = FALSE
	EndGlobalSection
	GlobalSection(ExtensibilityGlobals) = postSolution
		SolutionGuid = {AEFF12BD-BA0D-4326-AF89-7FD4C633E151}
	EndGlobalSection
EndGlobal
